<?xml version="1.0" encoding="utf-8"?>
<Project ToolsVersion="4.0" xmlns="http://schemas.microsoft.com/developer/msbuild/2003">
  <ItemGroup>
    <Filter Include="リソース ファイル">
      <UniqueIdentifier>{67DA6AB6-F800-4c08-8B7A-83BB121AAD01}</UniqueIdentifier>
      <Extensions>rc;ico;cur;bmp;dlg;rc2;rct;bin;rgs;gif;jpg;jpeg;jpe;resx;tiff;tif;png;wav;mfcribbon-ms</Extensions>
    </Filter>
    <Filter Include="ファイル">
      <UniqueIdentifier>{4FC737F1-C7A5-4376-A066-2A32D752A2FF}</UniqueIdentifier>
      <Extensions>cpp;c;cc;cxx;c++;cppm;ixx;def;odl;idl;hpj;bat;asm;asmx</Extensions>
    </Filter>
    <Filter Include="ファイル\App">
      <UniqueIdentifier>{1cdba3d6-71ab-4d6b-9c21-3f6ec239900d}</UniqueIdentifier>
    </Filter>
    <Filter Include="ファイル\Mode">
      <UniqueIdentifier>{82061ea4-2aa5-49c1-b3da-051ee0efb009}</UniqueIdentifier>
    </Filter>
    <Filter Include="ファイル\CFile">
      <UniqueIdentifier>{04dc7dec-f6e2-4671-9e87-cb3303807226}</UniqueIdentifier>
    </Filter>
  </ItemGroup>
  <ItemGroup>
    <ClInclude Include="source\Application\ApplicationBase.h">
      <Filter>ファイル\App</Filter>
    </ClInclude>
    <ClInclude Include="source\Application\UtilMacro.h">
      <Filter>ファイル\App</Filter>
    </ClInclude>
    <ClInclude Include="source\Mode\ModeBase.h">
      <Filter>ファイル\Mode</Filter>
    </ClInclude>
    <ClInclude Include="source\Mode\ModeServer.h">
      <Filter>ファイル\Mode</Filter>
    </ClInclude>
    <ClInclude Include="source\appframe.h">
      <Filter>ファイル</Filter>
    </ClInclude>
    <ClInclude Include="source\CFile\CFile.h">
      <Filter>ファイル\CFile</Filter>
    </ClInclude>
  </ItemGroup>
  <ItemGroup>
    <ClCompile Include="source\Application\ApplicationBase.cpp">
      <Filter>ファイル\App</Filter>
    </ClCompile>
    <ClCompile Include="source\Application\WinMain.cpp">
      <Filter>ファイル\App</Filter>
    </ClCompile>
    <ClCompile Include="source\Mode\ModeBase.cpp">
      <Filter>ファイル\Mode</Filter>
    </ClCompile>
    <ClCompile Include="source\Mode\ModeServer.cpp">
      <Filter>ファイル\Mode</Filter>
    </ClCompile>
    <ClCompile Include="source\CFile\CFile.cpp">
      <Filter>ファイル\CFile</Filter>
    </ClCompile>
  </ItemGroup>
</Project>